<?xml version="1.0" encoding="utf-8"?>
<Project ToolsVersion="4.0" xmlns="http://schemas.microsoft.com/developer/msbuild/2003">
  <ItemGroup>
    <Filter Include="Arduino">
      <UniqueIdentifier>{6a7912a4-64fc-4880-af3a-2cb9bf3dff72}</UniqueIdentifier>
    </Filter>
    <Filter Include="Display">
      <UniqueIdentifier>{c21316dc-7f43-429b-8b08-5fd7e263b133}</UniqueIdentifier>
    </Filter>
    <Filter Include="Display\Assets">
      <UniqueIdentifier>{d9a05b3f-84c5-451a-b6af-d058f1f2050d}</UniqueIdentifier>
    </Filter>
  </ItemGroup>
  <ItemGroup>
    <None Include="ControlPanel.ino" />
    <None Include="src\arduino folders read me.txt">
      <Filter>Arduino</Filter>
    </None>
  </ItemGroup>
  <ItemGroup>
    <ClInclude Include="__vm\.ControlPanel.vsarduino.h">
      <Filter>Arduino</Filter>
    </ClInclude>
    <ClInclude Include="src\Eliteduino.h" />
    <ClInclude Include="src\Architecture.h" />
    <ClInclude Include="src\Devices.h" />
    <ClInclude Include="src\Event.h" />
    <ClInclude Include="src\Property.h" />
    <ClInclude Include="src\display\Assets.h">
      <Filter>Display</Filter>
    </ClInclude>
    <ClInclude Include="src\display\Database.h">
      <Filter>Display</Filter>
    </ClInclude>
    <ClInclude Include="src\display\ScreenGeneral.h">
      <Filter>Display</Filter>
    </ClInclude>
    <ClInclude Include="src\display\Screen.h">
      <Filter>Display</Filter>
    </ClInclude>
    <ClInclude Include="src\display\Display.h">
      <Filter>Display</Filter>
    </ClInclude>
    <ClInclude Include="src\PCCommunications.h" />
    <ClInclude Include="src\Containers.h" />
    <ClInclude Include="src\PCCommunicationsArduino.h" />
    <ClInclude Include="src\PCCommunicationsTeensy.h" />
  </ItemGroup>
  <ItemGroup>
    <ClCompile Include="src\Eliteduino.cpp" />
    <ClCompile Include="src\display\ScreenGeneral.cpp">
      <Filter>Display</Filter>
    </ClCompile>
    <ClCompile Include="src\display\Screen.cpp">
      <Filter>Display</Filter>
    </ClCompile>
    <ClCompile Include="src\Property.cpp" />
    <ClCompile Include="src\display\Display.cpp">
      <Filter>Display</Filter>
    </ClCompile>
    <ClCompile Include="src\PCCommunications.cpp" />
    <ClCompile Include="data\display\system.c">
      <Filter>Display\Assets</Filter>
    </ClCompile>
    <ClCompile Include="data\display\surfaceport2.c">
      <Filter>Display\Assets</Filter>
    </ClCompile>
    <ClCompile Include="data\display\surfaceport.c">
      <Filter>Display\Assets</Filter>
    </ClCompile>
    <ClCompile Include="data\display\outpost.c">
      <Filter>Display\Assets</Filter>
    </ClCompile>
    <ClCompile Include="data\display\orbis.c">
      <Filter>Display\Assets</Filter>
    </ClCompile>
    <ClCompile Include="data\display\ocellus.c">
      <Filter>Display\Assets</Filter>
    </ClCompile>
    <ClCompile Include="data\display\megaship.c">
      <Filter>Display\Assets</Filter>
    </ClCompile>
    <ClCompile Include="data\display\coriolis.c">
      <Filter>Display\Assets</Filter>
    </ClCompile>
    <ClCompile Include="data\display\asteroidstation.c">
      <Filter>Display\Assets</Filter>
    </ClCompile>
    <ClCompile Include="data\display\commander.c">
      <Filter>Display\Assets</Filter>
    </ClCompile>
    <ClCompile Include="src\PCCommunicationsArduino.cpp" />
  </ItemGroup>
</Project>