<?xml version="1.0" encoding="utf-8"?>
<Project ToolsVersion="4.0" xmlns="http://schemas.microsoft.com/developer/msbuild/2003">
  <ItemGroup>
    <Filter Include="Arduino">
      <UniqueIdentifier>{6a7912a4-64fc-4880-af3a-2cb9bf3dff72}</UniqueIdentifier>
    </Filter>
    <Filter Include="Display">
      <UniqueIdentifier>{c21316dc-7f43-429b-8b08-5fd7e263b133}</UniqueIdentifier>
    </Filter>
    <Filter Include="Display\Assets">
      <UniqueIdentifier>{d9a05b3f-84c5-451a-b6af-d058f1f2050d}</UniqueIdentifier>
    </Filter>
    <Filter Include="Controls">
      <UniqueIdentifier>{f0e99cfd-91dd-444a-af0c-2dd86cc29b6f}</UniqueIdentifier>
    </Filter>
    <Filter Include="Communications">
      <UniqueIdentifier>{935316f9-debc-4990-8835-8547edd9e477}</UniqueIdentifier>
    </Filter>
    <Filter Include="Communications\Platform Specific">
      <UniqueIdentifier>{db6641de-2f0f-4c73-ba3b-5b8ed37bef60}</UniqueIdentifier>
    </Filter>
    <Filter Include="Debug">
      <UniqueIdentifier>{e53faa69-7afa-4c0a-af50-91c14f569291}</UniqueIdentifier>
    </Filter>
  </ItemGroup>
  <ItemGroup>
    <None Include="ControlPanel.ino" />
    <None Include="src\arduino folders read me.txt">
      <Filter>Arduino</Filter>
    </None>
  </ItemGroup>
  <ItemGroup>
    <ClInclude Include="__vm\.ControlPanel.vsarduino.h">
      <Filter>Arduino</Filter>
    </ClInclude>
    <ClInclude Include="src\Eliteduino.h" />
    <ClInclude Include="src\Architecture.h" />
    <ClInclude Include="src\Devices.h" />
    <ClInclude Include="src\Event.h" />
    <ClInclude Include="src\Property.h" />
    <ClInclude Include="src\display\Assets.h">
      <Filter>Display</Filter>
    </ClInclude>
    <ClInclude Include="src\display\Database.h">
      <Filter>Display</Filter>
    </ClInclude>
    <ClInclude Include="src\display\ScreenGeneral.h">
      <Filter>Display</Filter>
    </ClInclude>
    <ClInclude Include="src\display\Screen.h">
      <Filter>Display</Filter>
    </ClInclude>
    <ClInclude Include="src\display\Display.h">
      <Filter>Display</Filter>
    </ClInclude>
    <ClInclude Include="src\Containers.h" />
    <ClInclude Include="src\controls\Button.h">
      <Filter>Controls</Filter>
    </ClInclude>
    <ClInclude Include="src\controls\Matrix.h">
      <Filter>Controls</Filter>
    </ClInclude>
    <ClInclude Include="src\PCCommunications.h">
      <Filter>Communications</Filter>
    </ClInclude>
    <ClInclude Include="src\PCCommunicationsArduino.h">
      <Filter>Communications\Platform Specific</Filter>
    </ClInclude>
    <ClInclude Include="src\PCCommunicationsTeensy.h">
      <Filter>Communications\Platform Specific</Filter>
    </ClInclude>
    <ClInclude Include="src\PCCommunicationsDefines.h">
      <Filter>Communications</Filter>
    </ClInclude>
    <ClInclude Include="src\controls\Binding.h">
      <Filter>Controls</Filter>
    </ClInclude>
    <ClInclude Include="src\controls\BindingManager.h">
      <Filter>Controls</Filter>
    </ClInclude>
    <ClInclude Include="src\debug\Debug.h">
      <Filter>Debug</Filter>
    </ClInclude>
    <ClInclude Include="src\controls\Utility.h">
      <Filter>Controls</Filter>
    </ClInclude>
  </ItemGroup>
  <ItemGroup>
    <ClCompile Include="src\Eliteduino.cpp" />
    <ClCompile Include="src\display\ScreenGeneral.cpp">
      <Filter>Display</Filter>
    </ClCompile>
    <ClCompile Include="src\display\Screen.cpp">
      <Filter>Display</Filter>
    </ClCompile>
    <ClCompile Include="src\Property.cpp" />
    <ClCompile Include="src\display\Display.cpp">
      <Filter>Display</Filter>
    </ClCompile>
    <ClCompile Include="data\display\system.c">
      <Filter>Display\Assets</Filter>
    </ClCompile>
    <ClCompile Include="data\display\surfaceport2.c">
      <Filter>Display\Assets</Filter>
    </ClCompile>
    <ClCompile Include="data\display\surfaceport.c">
      <Filter>Display\Assets</Filter>
    </ClCompile>
    <ClCompile Include="data\display\outpost.c">
      <Filter>Display\Assets</Filter>
    </ClCompile>
    <ClCompile Include="data\display\orbis.c">
      <Filter>Display\Assets</Filter>
    </ClCompile>
    <ClCompile Include="data\display\ocellus.c">
      <Filter>Display\Assets</Filter>
    </ClCompile>
    <ClCompile Include="data\display\megaship.c">
      <Filter>Display\Assets</Filter>
    </ClCompile>
    <ClCompile Include="data\display\coriolis.c">
      <Filter>Display\Assets</Filter>
    </ClCompile>
    <ClCompile Include="data\display\asteroidstation.c">
      <Filter>Display\Assets</Filter>
    </ClCompile>
    <ClCompile Include="data\display\commander.c">
      <Filter>Display\Assets</Filter>
    </ClCompile>
    <ClCompile Include="src\controls\Button.cpp">
      <Filter>Controls</Filter>
    </ClCompile>
    <ClCompile Include="src\controls\Matrix.cpp">
      <Filter>Controls</Filter>
    </ClCompile>
    <ClCompile Include="src\PCCommunications.cpp">
      <Filter>Communications</Filter>
    </ClCompile>
    <ClCompile Include="src\PCCommunicationsArduino.cpp">
      <Filter>Communications\Platform Specific</Filter>
    </ClCompile>
    <ClCompile Include="src\controls\BindingManager.cpp">
      <Filter>Controls</Filter>
    </ClCompile>
  </ItemGroup>
</Project>